// !$*UTF8*$!
{
	archiveVersion = 1;
	classes = {
	};
	objectVersion = 77;
	objects = {

/* Begin PBXBuildFile section */
		DA75BBE62EE09DC900A762ED /* ACRCloudiOSSDK.xcframework in Frameworks */ = {isa = PBXBuildFile; fileRef = DA75BBE42EE09DB700A762ED /* ACRCloudiOSSDK.xcframework */; };
		DA75BBE72EE09DC900A762ED /* ACRCloudiOSSDK.xcframework in Embed Frameworks */ = {isa = PBXBuildFile; fileRef = DA75BBE42EE09DB700A762ED /* ACRCloudiOSSDK.xcframework */; settings = {ATTRIBUTES = (CodeSignOnCopy, RemoveHeadersOnCopy, ); }; };
		DA75BBE92EE09F2700A762ED /* ZIPFoundation in Frameworks */ = {isa = PBXBuildFile; productRef = DA75BBE82EE09F2700A762ED /* ZIPFoundation */; };
		DAE1123C2EE0889300C77A71 /* AVFoundation.framework in Frameworks */ = {isa = PBXBuildFile; fileRef = DAE1123B2EE0889300C77A71 /* AVFoundation.framework */; };
		DAE1123E2EE0889D00C77A71 /* AudioToolbox.framework in Frameworks */ = {isa = PBXBuildFile; fileRef = DAE1123D2EE0889D00C77A71 /* AudioToolbox.framework */; };
		DAE112402EE088A400C77A71 /* Security.framework in Frameworks */ = {isa = PBXBuildFile; fileRef = DAE1123F2EE088A400C77A71 /* Security.framework */; };
		DAE112422EE088AD00C77A71 /* SystemConfiguration.framework in Frameworks */ = {isa = PBXBuildFile; fileRef = DAE112412EE088AD00C77A71 /* SystemConfiguration.framework */; };
/* End PBXBuildFile section */

/* Begin PBXContainerItemProxy section */
		DAE112082EE083BB00C77A71 /* PBXContainerItemProxy */ = {
			isa = PBXContainerItemProxy;
			containerPortal = DAE111EF2EE083BA00C77A71 /* Project object */;
			proxyType = 1;
			remoteGlobalIDString = DAE111F62EE083BA00C77A71;
			remoteInfo = EKKO;
		};
		DAE112122EE083BB00C77A71 /* PBXContainerItemProxy */ = {
			isa = PBXContainerItemProxy;
			containerPortal = DAE111EF2EE083BA00C77A71 /* Project object */;
			proxyType = 1;
			remoteGlobalIDString = DAE111F62EE083BA00C77A71;
			remoteInfo = EKKO;
		};
/* End PBXContainerItemProxy section */

/* Begin PBXCopyFilesBuildPhase section */
		DA75BBC42EE0996800A762ED /* Embed Frameworks */ = {
			isa = PBXCopyFilesBuildPhase;
			buildActionMask = 2147483647;
			dstPath = "";
			dstSubfolderSpec = 10;
			files = (
				DA75BBE72EE09DC900A762ED /* ACRCloudiOSSDK.xcframework in Embed Frameworks */,
			);
			name = "Embed Frameworks";
			runOnlyForDeploymentPostprocessing = 0;
		};
/* End PBXCopyFilesBuildPhase section */

/* Begin PBXFileReference section */
		DA75BBE42EE09DB700A762ED /* ACRCloudiOSSDK.xcframework */ = {isa = PBXFileReference; lastKnownFileType = wrapper.xcframework; path = ACRCloudiOSSDK.xcframework; sourceTree = "<group>"; };
		DAE111F72EE083BA00C77A71 /* EKKO.app */ = {isa = PBXFileReference; explicitFileType = wrapper.application; includeInIndex = 0; path = EKKO.app; sourceTree = BUILT_PRODUCTS_DIR; };
		DAE112072EE083BB00C77A71 /* EKKOTests.xctest */ = {isa = PBXFileReference; explicitFileType = wrapper.cfbundle; includeInIndex = 0; path = EKKOTests.xctest; sourceTree = BUILT_PRODUCTS_DIR; };
		DAE112112EE083BB00C77A71 /* EKKOUITests.xctest */ = {isa = PBXFileReference; explicitFileType = wrapper.cfbundle; includeInIndex = 0; path = EKKOUITests.xctest; sourceTree = BUILT_PRODUCTS_DIR; };
		DAE1123B2EE0889300C77A71 /* AVFoundation.framework */ = {isa = PBXFileReference; lastKnownFileType = wrapper.framework; name = AVFoundation.framework; path = System/Library/Frameworks/AVFoundation.framework; sourceTree = SDKROOT; };
		DAE1123D2EE0889D00C77A71 /* AudioToolbox.framework */ = {isa = PBXFileReference; lastKnownFileType = wrapper.framework; name = AudioToolbox.framework; path = System/Library/Frameworks/AudioToolbox.framework; sourceTree = SDKROOT; };
		DAE1123F2EE088A400C77A71 /* Security.framework */ = {isa = PBXFileReference; lastKnownFileType = wrapper.framework; name = Security.framework; path = System/Library/Frameworks/Security.framework; sourceTree = SDKROOT; };
		DAE112412EE088AD00C77A71 /* SystemConfiguration.framework */ = {isa = PBXFileReference; lastKnownFileType = wrapper.framework; name = SystemConfiguration.framework; path = System/Library/Frameworks/SystemConfiguration.framework; sourceTree = SDKROOT; };
/* End PBXFileReference section */

/* Begin PBXFileSystemSynchronizedBuildFileExceptionSet section */
		DAE112252EE0845800C77A71 /* Exceptions for "EKKO" folder in "EKKO" target */ = {
			isa = PBXFileSystemSynchronizedBuildFileExceptionSet;
			membershipExceptions = (
				Info.plist,
			);
			target = DAE111F62EE083BA00C77A71 /* EKKO */;
		};
/* End PBXFileSystemSynchronizedBuildFileExceptionSet section */

/* Begin PBXFileSystemSynchronizedRootGroup section */
		DAE111F92EE083BA00C77A71 /* EKKO */ = {
			isa = PBXFileSystemSynchronizedRootGroup;
			exceptions = (
				DAE112252EE0845800C77A71 /* Exceptions for "EKKO" folder in "EKKO" target */,
			);
			path = EKKO;
			sourceTree = "<group>";
		};
/* End PBXFileSystemSynchronizedRootGroup section */

/* Begin PBXFrameworksBuildPhase section */
		DAE111F42EE083BA00C77A71 /* Frameworks */ = {
			isa = PBXFrameworksBuildPhase;
			buildActionMask = 2147483647;
			files = (
				DAE1123C2EE0889300C77A71 /* AVFoundation.framework in Frameworks */,
				DAE112422EE088AD00C77A71 /* SystemConfiguration.framework in Frameworks */,
				DA75BBE62EE09DC900A762ED /* ACRCloudiOSSDK.xcframework in Frameworks */,
				DAE112402EE088A400C77A71 /* Security.framework in Frameworks */,
				DAE1123E2EE0889D00C77A71 /* AudioToolbox.framework in Frameworks */,
				DA75BBE92EE09F2700A762ED /* ZIPFoundation in Frameworks */,
			);
			runOnlyForDeploymentPostprocessing = 0;
		};
		DAE112042EE083BB00C77A71 /* Frameworks */ = {
			isa = PBXFrameworksBuildPhase;
			buildActionMask = 2147483647;
			files = (
			);
			runOnlyForDeploymentPostprocessing = 0;
		};
		DAE1120E2EE083BB00C77A71 /* Frameworks */ = {
			isa = PBXFrameworksBuildPhase;
			buildActionMask = 2147483647;
			files = (
			);
			runOnlyForDeploymentPostprocessing = 0;
		};
/* End PBXFrameworksBuildPhase section */

/* Begin PBXGroup section */
		DAE111EE2EE083BA00C77A71 = {
			isa = PBXGroup;
			children = (
				DA75BBE42EE09DB700A762ED /* ACRCloudiOSSDK.xcframework */,
				DAE111F92EE083BA00C77A71 /* EKKO */,
				DAE112272EE0872F00C77A71 /* Frameworks */,
				DAE111F82EE083BA00C77A71 /* Products */,
			);
			sourceTree = "<group>";
		};
		DAE111F82EE083BA00C77A71 /* Products */ = {
			isa = PBXGroup;
			children = (
				DAE111F72EE083BA00C77A71 /* EKKO.app */,
				DAE112072EE083BB00C77A71 /* EKKOTests.xctest */,
				DAE112112EE083BB00C77A71 /* EKKOUITests.xctest */,
			);
			name = Products;
			sourceTree = "<group>";
		};
		DAE112272EE0872F00C77A71 /* Frameworks */ = {
			isa = PBXGroup;
			children = (
				DAE112412EE088AD00C77A71 /* SystemConfiguration.framework */,
				DAE1123F2EE088A400C77A71 /* Security.framework */,
				DAE1123D2EE0889D00C77A71 /* AudioToolbox.framework */,
				DAE1123B2EE0889300C77A71 /* AVFoundation.framework */,
			);
			name = Frameworks;
			sourceTree = "<group>";
		};
/* End PBXGroup section */

/* Begin PBXNativeTarget section */
		DAE111F62EE083BA00C77A71 /* EKKO */ = {
			isa = PBXNativeTarget;
			buildConfigurationList = DAE1121B2EE083BB00C77A71 /* Build configuration list for PBXNativeTarget "EKKO" */;
			buildPhases = (
				DAE111F32EE083BA00C77A71 /* Sources */,
				DAE111F42EE083BA00C77A71 /* Frameworks */,
				DAE111F52EE083BA00C77A71 /* Resources */,
				DA75BBC42EE0996800A762ED /* Embed Frameworks */,
			);
			buildRules = (
			);
			dependencies = (
			);
			fileSystemSynchronizedGroups = (
				DAE111F92EE083BA00C77A71 /* EKKO */,
			);
			name = EKKO;
			packageProductDependencies = (
				DA75BBE82EE09F2700A762ED /* ZIPFoundation */,
			);
			productName = EKKO;
			productReference = DAE111F72EE083BA00C77A71 /* EKKO.app */;
			productType = "com.apple.product-type.application";
		};
		DAE112062EE083BB00C77A71 /* EKKOTests */ = {
			isa = PBXNativeTarget;
			buildConfigurationList = DAE1121E2EE083BB00C77A71 /* Build configuration list for PBXNativeTarget "EKKOTests" */;
			buildPhases = (
				DAE112032EE083BB00C77A71 /* Sources */,
				DAE112042EE083BB00C77A71 /* Frameworks */,
				DAE112052EE083BB00C77A71 /* Resources */,
			);
			buildRules = (
			);
			dependencies = (
				DAE112092EE083BB00C77A71 /* PBXTargetDependency */,
			);
			name = EKKOTests;
			packageProductDependencies = (
			);
			productName = EKKOTests;
			productReference = DAE112072EE083BB00C77A71 /* EKKOTests.xctest */;
			productType = "com.apple.product-type.bundle.unit-test";
		};
		DAE112102EE083BB00C77A71 /* EKKOUITests */ = {
			isa = PBXNativeTarget;
			buildConfigurationList = DAE112212EE083BB00C77A71 /* Build configuration list for PBXNativeTarget "EKKOUITests" */;
			buildPhases = (
				DAE1120D2EE083BB00C77A71 /* Sources */,
				DAE1120E2EE083BB00C77A71 /* Frameworks */,
				DAE1120F2EE083BB00C77A71 /* Resources */,
			);
			buildRules = (
			);
			dependencies = (
				DAE112132EE083BB00C77A71 /* PBXTargetDependency */,
			);
			name = EKKOUITests;
			packageProductDependencies = (
			);
			productName = EKKOUITests;
			productReference = DAE112112EE083BB00C77A71 /* EKKOUITests.xctest */;
			productType = "com.apple.product-type.bundle.ui-testing";
		};
/* End PBXNativeTarget section */

/* Begin PBXProject section */
		DAE111EF2EE083BA00C77A71 /* Project object */ = {
			isa = PBXProject;
			attributes = {
				BuildIndependentTargetsInParallel = 1;
				LastSwiftUpdateCheck = 1620;
				LastUpgradeCheck = 1620;
				TargetAttributes = {
					DAE111F62EE083BA00C77A71 = {
						CreatedOnToolsVersion = 16.2;
						LastSwiftMigration = 1620;
					};
					DAE112062EE083BB00C77A71 = {
						CreatedOnToolsVersion = 16.2;
						TestTargetID = DAE111F62EE083BA00C77A71;
					};
					DAE112102EE083BB00C77A71 = {
						CreatedOnToolsVersion = 16.2;
						LastSwiftMigration = 1620;
						TestTargetID = DAE111F62EE083BA00C77A71;
					};
				};
			};
			buildConfigurationList = DAE111F22EE083BA00C77A71 /* Build configuration list for PBXProject "EKKO" */;
			developmentRegion = en;
			hasScannedForEncodings = 0;
			knownRegions = (
				en,
				Base,
			);
			mainGroup = DAE111EE2EE083BA00C77A71;
			minimizedProjectReferenceProxies = 1;
			packageReferences = (
				DAE112262EE0854200C77A71 /* XCRemoteSwiftPackageReference "ZIPFoundation" */,
			);
			preferredProjectObjectVersion = 77;
			productRefGroup = DAE111F82EE083BA00C77A71 /* Products */;
			projectDirPath = "";
			projectRoot = "";
			targets = (
				DAE111F62EE083BA00C77A71 /* EKKO */,
				DAE112062EE083BB00C77A71 /* EKKOTests */,
				DAE112102EE083BB00C77A71 /* EKKOUITests */,
			);
		};
/* End PBXProject section */

/* Begin PBXResourcesBuildPhase section */
		DAE111F52EE083BA00C77A71 /* Resources */ = {
			isa = PBXResourcesBuildPhase;
			buildActionMask = 2147483647;
			files = (
			);
			runOnlyForDeploymentPostprocessing = 0;
		};
		DAE112052EE083BB00C77A71 /* Resources */ = {
			isa = PBXResourcesBuildPhase;
			buildActionMask = 2147483647;
			files = (
			);
			runOnlyForDeploymentPostprocessing = 0;
		};
		DAE1120F2EE083BB00C77A71 /* Resources */ = {
			isa = PBXResourcesBuildPhase;
			buildActionMask = 2147483647;
			files = (
			);
			runOnlyForDeploymentPostprocessing = 0;
		};
/* End PBXResourcesBuildPhase section */

/* Begin PBXSourcesBuildPhase section */
		DAE111F32EE083BA00C77A71 /* Sources */ = {
			isa = PBXSourcesBuildPhase;
			buildActionMask = 2147483647;
			files = (
			);
			runOnlyForDeploymentPostprocessing = 0;
		};
		DAE112032EE083BB00C77A71 /* Sources */ = {
			isa = PBXSourcesBuildPhase;
			buildActionMask = 2147483647;
			files = (
			);
			runOnlyForDeploymentPostprocessing = 0;
		};
		DAE1120D2EE083BB00C77A71 /* Sources */ = {
			isa = PBXSourcesBuildPhase;
			buildActionMask = 2147483647;
			files = (
			);
			runOnlyForDeploymentPostprocessing = 0;
		};
/* End PBXSourcesBuildPhase section */

/* Begin PBXTargetDependency section */
		DAE112092EE083BB00C77A71 /* PBXTargetDependency */ = {
			isa = PBXTargetDependency;
			target = DAE111F62EE083BA00C77A71 /* EKKO */;
			targetProxy = DAE112082EE083BB00C77A71 /* PBXContainerItemProxy */;
		};
		DAE112132EE083BB00C77A71 /* PBXTargetDependency */ = {
			isa = PBXTargetDependency;
			target = DAE111F62EE083BA00C77A71 /* EKKO */;
			targetProxy = DAE112122EE083BB00C77A71 /* PBXContainerItemProxy */;
		};
/* End PBXTargetDependency section */

/* Begin XCBuildConfiguration section */
		DAE112192EE083BB00C77A71 /* Debug */ = {
			isa = XCBuildConfiguration;
			baseConfigurationReferenceAnchor = DAE111F92EE083BA00C77A71 /* EKKO */;
			baseConfigurationReferenceRelativePath = Secrets.xcconfig;
			buildSettings = {
				ALWAYS_SEARCH_USER_PATHS = NO;
				ASSETCATALOG_COMPILER_GENERATE_SWIFT_ASSET_SYMBOL_EXTENSIONS = YES;
				CLANG_ANALYZER_NONNULL = YES;
				CLANG_ANALYZER_NUMBER_OBJECT_CONVERSION = YES_AGGRESSIVE;
				CLANG_CXX_LANGUAGE_STANDARD = "gnu++20";
				CLANG_ENABLE_MODULES = YES;
				CLANG_ENABLE_OBJC_ARC = YES;
				CLANG_ENABLE_OBJC_WEAK = YES;
				CLANG_WARN_BLOCK_CAPTURE_AUTORELEASING = YES;
				CLANG_WARN_BOOL_CONVERSION = YES;
				CLANG_WARN_COMMA = YES;
				CLANG_WARN_CONSTANT_CONVERSION = YES;
				CLANG_WARN_DEPRECATED_OBJC_IMPLEMENTATIONS = YES;
				CLANG_WARN_DIRECT_OBJC_ISA_USAGE = YES_ERROR;
				CLANG_WARN_DOCUMENTATION_COMMENTS = YES;
				CLANG_WARN_EMPTY_BODY = YES;
				CLANG_WARN_ENUM_CONVERSION = YES;
				CLANG_WARN_INFINITE_RECURSION = YES;
				CLANG_WARN_INT_CONVERSION = YES;
				CLANG_WARN_NON_LITERAL_NULL_CONVERSION = YES;
				CLANG_WARN_OBJC_IMPLICIT_RETAIN_SELF = YES;
				CLANG_WARN_OBJC_LITERAL_CONVERSION = YES;
				CLANG_WARN_OBJC_ROOT_CLASS = YES_ERROR;
				CLANG_WARN_QUOTED_INCLUDE_IN_FRAMEWORK_HEADER = YES;
				CLANG_WARN_RANGE_LOOP_ANALYSIS = YES;
				CLANG_WARN_STRICT_PROTOTYPES = YES;
				CLANG_WARN_SUSPICIOUS_MOVE = YES;
				CLANG_WARN_UNGUARDED_AVAILABILITY = YES_AGGRESSIVE;
				CLANG_WARN_UNREACHABLE_CODE = YES;
				CLANG_WARN__DUPLICATE_METHOD_MATCH = YES;
				COPY_PHASE_STRIP = NO;
				DEBUG_INFORMATION_FORMAT = dwarf;
				ENABLE_STRICT_OBJC_MSGSEND = YES;
				ENABLE_TESTABILITY = YES;
				ENABLE_USER_SCRIPT_SANDBOXING = YES;
				GCC_C_LANGUAGE_STANDARD = gnu17;
				GCC_DYNAMIC_NO_PIC = NO;
				GCC_NO_COMMON_BLOCKS = YES;
				GCC_OPTIMIZATION_LEVEL = 0;
				GCC_PREPROCESSOR_DEFINITIONS = (
					"DEBUG=1",
					"$(inherited)",
				);
				GCC_WARN_64_TO_32_BIT_CONVERSION = YES;
				GCC_WARN_ABOUT_RETURN_TYPE = YES_ERROR;
				GCC_WARN_UNDECLARED_SELECTOR = YES;
				GCC_WARN_UNINITIALIZED_AUTOS = YES_AGGRESSIVE;
				GCC_WARN_UNUSED_FUNCTION = YES;
				GCC_WARN_UNUSED_VARIABLE = YES;
				IPHONEOS_DEPLOYMENT_TARGET = 18.2;
				LOCALIZATION_PREFERS_STRING_CATALOGS = YES;
				MTL_ENABLE_DEBUG_INFO = INCLUDE_SOURCE;
				MTL_FAST_MATH = YES;
				ONLY_ACTIVE_ARCH = YES;
				SDKROOT = iphoneos;
				SWIFT_ACTIVE_COMPILATION_CONDITIONS = "DEBUG $(inherited)";
				SWIFT_OPTIMIZATION_LEVEL = "-Onone";
			};
			name = Debug;
		};
		DAE1121A2EE083BB00C77A71 /* Release */ = {
			isa = XCBuildConfiguration;
			baseConfigurationReferenceAnchor = DAE111F92EE083BA00C77A71 /* EKKO */;
			baseConfigurationReferenceRelativePath = Secrets.xcconfig;
			buildSettings = {
				ALWAYS_SEARCH_USER_PATHS = NO;
				ASSETCATALOG_COMPILER_GENERATE_SWIFT_ASSET_SYMBOL_EXTENSIONS = YES;
				CLANG_ANALYZER_NONNULL = YES;
				CLANG_ANALYZER_NUMBER_OBJECT_CONVERSION = YES_AGGRESSIVE;
				CLANG_CXX_LANGUAGE_STANDARD = "gnu++20";
				CLANG_ENABLE_MODULES = YES;
				CLANG_ENABLE_OBJC_ARC = YES;
				CLANG_ENABLE_OBJC_WEAK = YES;
				CLANG_WARN_BLOCK_CAPTURE_AUTORELEASING = YES;
				CLANG_WARN_BOOL_CONVERSION = YES;
				CLANG_WARN_COMMA = YES;
				CLANG_WARN_CONSTANT_CONVERSION = YES;
				CLANG_WARN_DEPRECATED_OBJC_IMPLEMENTATIONS = YES;
				CLANG_WARN_DIRECT_OBJC_ISA_USAGE = YES_ERROR;
				CLANG_WARN_DOCUMENTATION_COMMENTS = YES;
				CLANG_WARN_EMPTY_BODY = YES;
				CLANG_WARN_ENUM_CONVERSION = YES;
				CLANG_WARN_INFINITE_RECURSION = YES;
				CLANG_WARN_INT_CONVERSION = YES;
				CLANG_WARN_NON_LITERAL_NULL_CONVERSION = YES;
				CLANG_WARN_OBJC_IMPLICIT_RETAIN_SELF = YES;
				CLANG_WARN_OBJC_LITERAL_CONVERSION = YES;
				CLANG_WARN_OBJC_ROOT_CLASS = YES_ERROR;
				CLANG_WARN_QUOTED_INCLUDE_IN_FRAMEWORK_HEADER = YES;
				CLANG_WARN_RANGE_LOOP_ANALYSIS = YES;
				CLANG_WARN_STRICT_PROTOTYPES = YES;
				CLANG_WARN_SUSPICIOUS_MOVE = YES;
				CLANG_WARN_UNGUARDED_AVAILABILITY = YES_AGGRESSIVE;
				CLANG_WARN_UNREACHABLE_CODE = YES;
				CLANG_WARN__DUPLICATE_METHOD_MATCH = YES;
				COPY_PHASE_STRIP = NO;
				DEBUG_INFORMATION_FORMAT = "dwarf-with-dsym";
				ENABLE_NS_ASSERTIONS = NO;
				ENABLE_STRICT_OBJC_MSGSEND = YES;
				ENABLE_USER_SCRIPT_SANDBOXING = YES;
				GCC_C_LANGUAGE_STANDARD = gnu17;
				GCC_NO_COMMON_BLOCKS = YES;
				GCC_WARN_64_TO_32_BIT_CONVERSION = YES;
				GCC_WARN_ABOUT_RETURN_TYPE = YES_ERROR;
				GCC_WARN_UNDECLARED_SELECTOR = YES;
				GCC_WARN_UNINITIALIZED_AUTOS = YES_AGGRESSIVE;
				GCC_WARN_UNUSED_FUNCTION = YES;
				GCC_WARN_UNUSED_VARIABLE = YES;
				IPHONEOS_DEPLOYMENT_TARGET = 18.2;
				LOCALIZATION_PREFERS_STRING_CATALOGS = YES;
				MTL_ENABLE_DEBUG_INFO = NO;
				MTL_FAST_MATH = YES;
				SDKROOT = iphoneos;
				SWIFT_COMPILATION_MODE = wholemodule;
				VALIDATE_PRODUCT = YES;
			};
			name = Release;
		};
		DAE1121C2EE083BB00C77A71 /* Debug */ = {
			isa = XCBuildConfiguration;
			buildSettings = {
				ASSETCATALOG_COMPILER_APPICON_NAME = AppIcon;
				ASSETCATALOG_COMPILER_GLOBAL_ACCENT_COLOR_NAME = AccentColor;
				CLANG_ENABLE_MODULES = YES;
				CODE_SIGN_STYLE = Automatic;
				CURRENT_PROJECT_VERSION = 2;
				DEVELOPMENT_ASSET_PATHS = "\"EKKO/Preview Content\"";
				DEVELOPMENT_TEAM = 62J69A2FA3;
				ENABLE_PREVIEWS = YES;
				FRAMEWORK_SEARCH_PATHS = "$(SRCROOT)/Frameworks/**";
				GENERATE_INFOPLIST_FILE = YES;
				HEADER_SEARCH_PATHS = "$(SRCROOT)/Frameworks/**";
				INFOPLIST_FILE = EKKO/Info.plist;
				INFOPLIST_KEY_LSSupportsOpeningDocumentsInPlace = YES;
				INFOPLIST_KEY_NSMicrophoneUsageDescription = "Pour enregistrer l'audio de la soirée.";
				INFOPLIST_KEY_NSMotionUsageDescription = "Pour analyser vos mouvements.";
				INFOPLIST_KEY_UIApplicationSceneManifest_Generation = YES;
				INFOPLIST_KEY_UIApplicationSupportsIndirectInputEvents = YES;
				INFOPLIST_KEY_UILaunchScreen_Generation = YES;
				INFOPLIST_KEY_UISupportedInterfaceOrientations_iPad = "UIInterfaceOrientationPortrait UIInterfaceOrientationPortraitUpsideDown UIInterfaceOrientationLandscapeLeft UIInterfaceOrientationLandscapeRight";
				INFOPLIST_KEY_UISupportedInterfaceOrientations_iPhone = "UIInterfaceOrientationPortrait UIInterfaceOrientationLandscapeLeft UIInterfaceOrientationLandscapeRight";
				LD_RUNPATH_SEARCH_PATHS = (
					"$(inherited)",
					"@executable_path/Frameworks",
				);
				MARKETING_VERSION = 3.0;
				PRODUCT_BUNDLE_IDENTIFIER = paulserra.EKKO;
				PRODUCT_NAME = "$(TARGET_NAME)";
				SWIFT_EMIT_LOC_STRINGS = YES;
				SWIFT_OBJC_BRIDGING_HEADER = "EKKO/EKKO-Bridging-Header.h";
				SWIFT_OPTIMIZATION_LEVEL = "-Onone";
				SWIFT_VERSION = 5.0;
				TARGETED_DEVICE_FAMILY = "1,2";
			};
			name = Debug;
		};
		DAE1121D2EE083BB00C77A71 /* Release */ = {
			isa = XCBuildConfiguration;
			buildSettings = {
				ASSETCATALOG_COMPILER_APPICON_NAME = AppIcon;
				ASSETCATALOG_COMPILER_GLOBAL_ACCENT_COLOR_NAME = AccentColor;
				CLANG_ENABLE_MODULES = YES;
				CODE_SIGN_STYLE = Automatic;
				CURRENT_PROJECT_VERSION = 2;
				DEVELOPMENT_ASSET_PATHS = "\"EKKO/Preview Content\"";
				DEVELOPMENT_TEAM = 62J69A2FA3;
				ENABLE_PREVIEWS = YES;
				FRAMEWORK_SEARCH_PATHS = "$(SRCROOT)/Frameworks/**";
				GENERATE_INFOPLIST_FILE = YES;
				HEADER_SEARCH_PATHS = "$(SRCROOT)/Frameworks/**";
				INFOPLIST_FILE = EKKO/Info.plist;
				INFOPLIST_KEY_LSSupportsOpeningDocumentsInPlace = YES;
				INFOPLIST_KEY_NSMicrophoneUsageDescription = "Pour enregistrer l'audio de la soirée.";
				INFOPLIST_KEY_NSMotionUsageDescription = "Pour analyser vos mouvements.";
				INFOPLIST_KEY_UIApplicationSceneManifest_Generation = YES;
				INFOPLIST_KEY_UIApplicationSupportsIndirectInputEvents = YES;
				INFOPLIST_KEY_UILaunchScreen_Generation = YES;
				INFOPLIST_KEY_UISupportedInterfaceOrientations_iPad = "UIInterfaceOrientationPortrait UIInterfaceOrientationPortraitUpsideDown UIInterfaceOrientationLandscapeLeft UIInterfaceOrientationLandscapeRight";
				INFOPLIST_KEY_UISupportedInterfaceOrientations_iPhone = "UIInterfaceOrientationPortrait UIInterfaceOrientationLandscapeLeft UIInterfaceOrientationLandscapeRight";
				LD_RUNPATH_SEARCH_PATHS = (
					"$(inherited)",
					"@executable_path/Frameworks",
				);
				MARKETING_VERSION = 3.0;
				PRODUCT_BUNDLE_IDENTIFIER = paulserra.EKKO;
				PRODUCT_NAME = "$(TARGET_NAME)";
				SWIFT_EMIT_LOC_STRINGS = YES;
				SWIFT_OBJC_BRIDGING_HEADER = "EKKO/EKKO-Bridging-Header.h";
				SWIFT_VERSION = 5.0;
				TARGETED_DEVICE_FAMILY = "1,2";
			};
			name = Release;
		};
		DAE1121F2EE083BB00C77A71 /* Debug */ = {
			isa = XCBuildConfiguration;
			buildSettings = {
				BUNDLE_LOADER = "$(TEST_HOST)";
				CODE_SIGN_STYLE = Automatic;
				CURRENT_PROJECT_VERSION = 1;
				DEVELOPMENT_TEAM = 62J69A2FA3;
				GENERATE_INFOPLIST_FILE = YES;
				IPHONEOS_DEPLOYMENT_TARGET = 18.2;
				MARKETING_VERSION = 1.0;
				PRODUCT_BUNDLE_IDENTIFIER = paulserra.EKKOTests;
				PRODUCT_NAME = "$(TARGET_NAME)";
				SWIFT_EMIT_LOC_STRINGS = NO;
				SWIFT_VERSION = 5.0;
				TARGETED_DEVICE_FAMILY = "1,2";
				TEST_HOST = "$(BUILT_PRODUCTS_DIR)/EKKO.app/$(BUNDLE_EXECUTABLE_FOLDER_PATH)/EKKO";
			};
			name = Debug;
		};
		DAE112202EE083BB00C77A71 /* Release */ = {
			isa = XCBuildConfiguration;
			buildSettings = {
				BUNDLE_LOADER = "$(TEST_HOST)";
				CODE_SIGN_STYLE = Automatic;
				CURRENT_PROJECT_VERSION = 1;
				DEVELOPMENT_TEAM = 62J69A2FA3;
				GENERATE_INFOPLIST_FILE = YES;
				IPHONEOS_DEPLOYMENT_TARGET = 18.2;
				MARKETING_VERSION = 1.0;
				PRODUCT_BUNDLE_IDENTIFIER = paulserra.EKKOTests;
				PRODUCT_NAME = "$(TARGET_NAME)";
				SWIFT_EMIT_LOC_STRINGS = NO;
				SWIFT_VERSION = 5.0;
				TARGETED_DEVICE_FAMILY = "1,2";
				TEST_HOST = "$(BUILT_PRODUCTS_DIR)/EKKO.app/$(BUNDLE_EXECUTABLE_FOLDER_PATH)/EKKO";
			};
			name = Release;
		};
		DAE112222EE083BB00C77A71 /* Debug */ = {
			isa = XCBuildConfiguration;
			buildSettings = {
				CLANG_ENABLE_MODULES = YES;
				CODE_SIGN_STYLE = Automatic;
				CURRENT_PROJECT_VERSION = 1;
				DEVELOPMENT_TEAM = 62J69A2FA3;
				GENERATE_INFOPLIST_FILE = YES;
				MARKETING_VERSION = 1.0;
				PRODUCT_BUNDLE_IDENTIFIER = paulserra.EKKOUITests;
				PRODUCT_NAME = "$(TARGET_NAME)";
				SWIFT_EMIT_LOC_STRINGS = NO;
				SWIFT_OBJC_BRIDGING_HEADER = "EKKOUITests/EKKOUITests-Bridging-Header.h";
				SWIFT_OPTIMIZATION_LEVEL = "-Onone";
				SWIFT_VERSION = 5.0;
				TARGETED_DEVICE_FAMILY = "1,2";
				TEST_TARGET_NAME = EKKO;
			};
			name = Debug;
		};
		DAE112232EE083BB00C77A71 /* Release */ = {
			isa = XCBuildConfiguration;
			buildSettings = {
				CLANG_ENABLE_MODULES = YES;
				CODE_SIGN_STYLE = Automatic;
				CURRENT_PROJECT_VERSION = 1;
				DEVELOPMENT_TEAM = 62J69A2FA3;
				GENERATE_INFOPLIST_FILE = YES;
				MARKETING_VERSION = 1.0;
				PRODUCT_BUNDLE_IDENTIFIER = paulserra.EKKOUITests;
				PRODUCT_NAME = "$(TARGET_NAME)";
				SWIFT_EMIT_LOC_STRINGS = NO;
				SWIFT_OBJC_BRIDGING_HEADER = "EKKOUITests/EKKOUITests-Bridging-Header.h";
				SWIFT_VERSION = 5.0;
				TARGETED_DEVICE_FAMILY = "1,2";
				TEST_TARGET_NAME = EKKO;
			};
			name = Release;
		};
/* End XCBuildConfiguration section */

/* Begin XCConfigurationList section */
		DAE111F22EE083BA00C77A71 /* Build configuration list for PBXProject "EKKO" */ = {
			isa = XCConfigurationList;
			buildConfigurations = (
				DAE112192EE083BB00C77A71 /* Debug */,
				DAE1121A2EE083BB00C77A71 /* Release */,
			);
			defaultConfigurationIsVisible = 0;
			defaultConfigurationName = Release;
		};
		DAE1121B2EE083BB00C77A71 /* Build configuration list for PBXNativeTarget "EKKO" */ = {
			isa = XCConfigurationList;
			buildConfigurations = (
				DAE1121C2EE083BB00C77A71 /* Debug */,
				DAE1121D2EE083BB00C77A71 /* Release */,
			);
			defaultConfigurationIsVisible = 0;
			defaultConfigurationName = Release;
		};
		DAE1121E2EE083BB00C77A71 /* Build configuration list for PBXNativeTarget "EKKOTests" */ = {
			isa = XCConfigurationList;
			buildConfigurations = (
				DAE1121F2EE083BB00C77A71 /* Debug */,
				DAE112202EE083BB00C77A71 /* Release */,
			);
			defaultConfigurationIsVisible = 0;
			defaultConfigurationName = Release;
		};
		DAE112212EE083BB00C77A71 /* Build configuration list for PBXNativeTarget "EKKOUITests" */ = {
			isa = XCConfigurationList;
			buildConfigurations = (
				DAE112222EE083BB00C77A71 /* Debug */,
				DAE112232EE083BB00C77A71 /* Release */,
			);
			defaultConfigurationIsVisible = 0;
			defaultConfigurationName = Release;
		};
/* End XCConfigurationList section */

/* Begin XCRemoteSwiftPackageReference section */
		DAE112262EE0854200C77A71 /* XCRemoteSwiftPackageReference "ZIPFoundation" */ = {
			isa = XCRemoteSwiftPackageReference;
			repositoryURL = "https://github.com/weichsel/ZIPFoundation";
			requirement = {
				kind = upToNextMajorVersion;
				minimumVersion = 0.9.20;
			};
		};
/* End XCRemoteSwiftPackageReference section */

/* Begin XCSwiftPackageProductDependency section */
		DA75BBE82EE09F2700A762ED /* ZIPFoundation */ = {
			isa = XCSwiftPackageProductDependency;
			package = DAE112262EE0854200C77A71 /* XCRemoteSwiftPackageReference "ZIPFoundation" */;
			productName = ZIPFoundation;
		};
/* End XCSwiftPackageProductDependency section */
	};
	rootObject = DAE111EF2EE083BA00C77A71 /* Project object */;
}
