// !$*UTF8*$!
{
	archiveVersion = 1;
	classes = {
	};
	objectVersion = 77;
	objects = {

/* Begin PBXBuildFile section */
		DA75BBE92EE09F2700A762ED /* ZIPFoundation in Frameworks */ = {isa = PBXBuildFile; productRef = DA75BBE82EE09F2700A762ED /* ZIPFoundation */; };
		DAB743F92EE84BBB00C38C4B /* ContentView.swift in Sources */ = {isa = PBXBuildFile; fileRef = DAB743F22EE84BBB00C38C4B /* ContentView.swift */; };
		DAB743FA2EE84BBB00C38C4B /* EKKOApp.swift in Sources */ = {isa = PBXBuildFile; fileRef = DAB743F42EE84BBB00C38C4B /* EKKOApp.swift */; };
		DAB743FB2EE84BBB00C38C4B /* ErrorManager.swift in Sources */ = {isa = PBXBuildFile; fileRef = DAB743F52EE84BBB00C38C4B /* ErrorManager.swift */; };
		DAB743FC2EE84BBB00C38C4B /* StreamReader.swift in Sources */ = {isa = PBXBuildFile; fileRef = DAB743F82EE84BBB00C38C4B /* StreamReader.swift */; };
		DAB744002EE84BBB00C38C4B /* Secrets.xcconfig in Resources */ = {isa = PBXBuildFile; fileRef = DAB743F72EE84BBB00C38C4B /* Secrets.xcconfig */; };
		DAB744062EE861D900C38C4B /* AppConfig.swift in Sources */ = {isa = PBXBuildFile; fileRef = DAB744052EE861D900C38C4B /* AppConfig.swift */; };
		DAB7441E2EE9DFEA00C38C4B /* PartyModels.swift in Sources */ = {isa = PBXBuildFile; fileRef = DAB744162EE9DA7F00C38C4B /* PartyModels.swift */; };
		DAB7441F2EE9DFF000C38C4B /* HistoryManager.swift in Sources */ = {isa = PBXBuildFile; fileRef = DAB744172EE9DAC100C38C4B /* HistoryManager.swift */; };
		DAB744202EE9DFFA00C38C4B /* StorageManager.swift in Sources */ = {isa = PBXBuildFile; fileRef = DAB744152EE9D9B100C38C4B /* StorageManager.swift */; };
		DAB744212EE9E00100C38C4B /* AnalysisManager.swift in Sources */ = {isa = PBXBuildFile; fileRef = DAB744142EE9D89D00C38C4B /* AnalysisManager.swift */; };
		DAB744222EE9E00600C38C4B /* MotionManager.swift in Sources */ = {isa = PBXBuildFile; fileRef = DAB744132EE9D82C00C38C4B /* MotionManager.swift */; };
		DAB744232EE9E00A00C38C4B /* AudioRecorderManager.swift in Sources */ = {isa = PBXBuildFile; fileRef = DAB744122EE9D78600C38C4B /* AudioRecorderManager.swift */; };
		DAB744242EE9E00E00C38C4B /* SessionsViewModel.swift in Sources */ = {isa = PBXBuildFile; fileRef = DAB7441D2EE9DD3E00C38C4B /* SessionsViewModel.swift */; };
		DAB744252EE9E01500C38C4B /* IdleView.swift in Sources */ = {isa = PBXBuildFile; fileRef = DAB744182EE9DB5500C38C4B /* IdleView.swift */; };
		DAB744262EE9E01B00C38C4B /* FastReportView.swift in Sources */ = {isa = PBXBuildFile; fileRef = DAB7441B2EE9DB7100C38C4B /* FastReportView.swift */; };
		DAB744272EE9E01B00C38C4B /* RecordingView.swift in Sources */ = {isa = PBXBuildFile; fileRef = DAB744192EE9DB5E00C38C4B /* RecordingView.swift */; };
		DAB744282EE9E01B00C38C4B /* AnalyzingView.swift in Sources */ = {isa = PBXBuildFile; fileRef = DAB7441A2EE9DB6900C38C4B /* AnalyzingView.swift */; };
		DAB744292EE9E01B00C38C4B /* HistoryDetailView.swift in Sources */ = {isa = PBXBuildFile; fileRef = DAB7441C2EE9DB7B00C38C4B /* HistoryDetailView.swift */; };
		DAE1123C2EE0889300C77A71 /* AVFoundation.framework in Frameworks */ = {isa = PBXBuildFile; fileRef = DAE1123B2EE0889300C77A71 /* AVFoundation.framework */; };
		DAE1123E2EE0889D00C77A71 /* AudioToolbox.framework in Frameworks */ = {isa = PBXBuildFile; fileRef = DAE1123D2EE0889D00C77A71 /* AudioToolbox.framework */; };
		DAE112402EE088A400C77A71 /* Security.framework in Frameworks */ = {isa = PBXBuildFile; fileRef = DAE1123F2EE088A400C77A71 /* Security.framework */; };
		DAE112422EE088AD00C77A71 /* SystemConfiguration.framework in Frameworks */ = {isa = PBXBuildFile; fileRef = DAE112412EE088AD00C77A71 /* SystemConfiguration.framework */; };
/* End PBXBuildFile section */

/* Begin PBXContainerItemProxy section */
		DAE112082EE083BB00C77A71 /* PBXContainerItemProxy */ = {
			isa = PBXContainerItemProxy;
			containerPortal = DAE111EF2EE083BA00C77A71 /* Project object */;
			proxyType = 1;
			remoteGlobalIDString = DAE111F62EE083BA00C77A71;
			remoteInfo = EKKO;
		};
		DAE112122EE083BB00C77A71 /* PBXContainerItemProxy */ = {
			isa = PBXContainerItemProxy;
			containerPortal = DAE111EF2EE083BA00C77A71 /* Project object */;
			proxyType = 1;
			remoteGlobalIDString = DAE111F62EE083BA00C77A71;
			remoteInfo = EKKO;
		};
/* End PBXContainerItemProxy section */

/* Begin PBXCopyFilesBuildPhase section */
		DA75BBC42EE0996800A762ED /* Embed Frameworks */ = {
			isa = PBXCopyFilesBuildPhase;
			buildActionMask = 2147483647;
			dstPath = "";
			dstSubfolderSpec = 10;
			files = (
			);
			name = "Embed Frameworks";
			runOnlyForDeploymentPostprocessing = 0;
		};
/* End PBXCopyFilesBuildPhase section */

/* Begin PBXFileReference section */
		DAB743F22EE84BBB00C38C4B /* ContentView.swift */ = {isa = PBXFileReference; lastKnownFileType = sourcecode.swift; path = ContentView.swift; sourceTree = "<group>"; };
		DAB743F32EE84BBB00C38C4B /* EKKO-Bridging-Header.h */ = {isa = PBXFileReference; lastKnownFileType = sourcecode.c.h; path = "EKKO-Bridging-Header.h"; sourceTree = "<group>"; };
		DAB743F42EE84BBB00C38C4B /* EKKOApp.swift */ = {isa = PBXFileReference; lastKnownFileType = sourcecode.swift; path = EKKOApp.swift; sourceTree = "<group>"; };
		DAB743F52EE84BBB00C38C4B /* ErrorManager.swift */ = {isa = PBXFileReference; lastKnownFileType = sourcecode.swift; path = ErrorManager.swift; sourceTree = "<group>"; };
		DAB743F62EE84BBB00C38C4B /* Info.plist */ = {isa = PBXFileReference; lastKnownFileType = text.plist.xml; path = Info.plist; sourceTree = "<group>"; };
		DAB743F72EE84BBB00C38C4B /* Secrets.xcconfig */ = {isa = PBXFileReference; lastKnownFileType = text.xcconfig; path = Secrets.xcconfig; sourceTree = "<group>"; };
		DAB743F82EE84BBB00C38C4B /* StreamReader.swift */ = {isa = PBXFileReference; lastKnownFileType = sourcecode.swift; path = StreamReader.swift; sourceTree = "<group>"; };
		DAB744052EE861D900C38C4B /* AppConfig.swift */ = {isa = PBXFileReference; lastKnownFileType = sourcecode.swift; path = AppConfig.swift; sourceTree = "<group>"; };
		DAB744122EE9D78600C38C4B /* AudioRecorderManager.swift */ = {isa = PBXFileReference; lastKnownFileType = sourcecode.swift; path = AudioRecorderManager.swift; sourceTree = "<group>"; };
		DAB744132EE9D82C00C38C4B /* MotionManager.swift */ = {isa = PBXFileReference; lastKnownFileType = sourcecode.swift; path = MotionManager.swift; sourceTree = "<group>"; };
		DAB744142EE9D89D00C38C4B /* AnalysisManager.swift */ = {isa = PBXFileReference; lastKnownFileType = sourcecode.swift; path = AnalysisManager.swift; sourceTree = "<group>"; };
		DAB744152EE9D9B100C38C4B /* StorageManager.swift */ = {isa = PBXFileReference; lastKnownFileType = sourcecode.swift; path = StorageManager.swift; sourceTree = "<group>"; };
		DAB744162EE9DA7F00C38C4B /* PartyModels.swift */ = {isa = PBXFileReference; lastKnownFileType = sourcecode.swift; path = PartyModels.swift; sourceTree = "<group>"; };
		DAB744172EE9DAC100C38C4B /* HistoryManager.swift */ = {isa = PBXFileReference; lastKnownFileType = sourcecode.swift; path = HistoryManager.swift; sourceTree = "<group>"; };
		DAB744182EE9DB5500C38C4B /* IdleView.swift */ = {isa = PBXFileReference; lastKnownFileType = sourcecode.swift; path = IdleView.swift; sourceTree = "<group>"; };
		DAB744192EE9DB5E00C38C4B /* RecordingView.swift */ = {isa = PBXFileReference; lastKnownFileType = sourcecode.swift; path = RecordingView.swift; sourceTree = "<group>"; };
		DAB7441A2EE9DB6900C38C4B /* AnalyzingView.swift */ = {isa = PBXFileReference; lastKnownFileType = sourcecode.swift; path = AnalyzingView.swift; sourceTree = "<group>"; };
		DAB7441B2EE9DB7100C38C4B /* FastReportView.swift */ = {isa = PBXFileReference; lastKnownFileType = sourcecode.swift; path = FastReportView.swift; sourceTree = "<group>"; };
		DAB7441C2EE9DB7B00C38C4B /* HistoryDetailView.swift */ = {isa = PBXFileReference; lastKnownFileType = sourcecode.swift; path = HistoryDetailView.swift; sourceTree = "<group>"; };
		DAB7441D2EE9DD3E00C38C4B /* SessionsViewModel.swift */ = {isa = PBXFileReference; lastKnownFileType = sourcecode.swift; path = SessionsViewModel.swift; sourceTree = "<group>"; };
		DAE111F72EE083BA00C77A71 /* EKKO.app */ = {isa = PBXFileReference; explicitFileType = wrapper.application; includeInIndex = 0; path = EKKO.app; sourceTree = BUILT_PRODUCTS_DIR; };
		DAE112072EE083BB00C77A71 /* EKKOTests.xctest */ = {isa = PBXFileReference; explicitFileType = wrapper.cfbundle; includeInIndex = 0; path = EKKOTests.xctest; sourceTree = BUILT_PRODUCTS_DIR; };
		DAE112112EE083BB00C77A71 /* EKKOUITests.xctest */ = {isa = PBXFileReference; explicitFileType = wrapper.cfbundle; includeInIndex = 0; path = EKKOUITests.xctest; sourceTree = BUILT_PRODUCTS_DIR; };
		DAE1123B2EE0889300C77A71 /* AVFoundation.framework */ = {isa = PBXFileReference; lastKnownFileType = wrapper.framework; name = AVFoundation.framework; path = System/Library/Frameworks/AVFoundation.framework; sourceTree = SDKROOT; };
		DAE1123D2EE0889D00C77A71 /* AudioToolbox.framework */ = {isa = PBXFileReference; lastKnownFileType = wrapper.framework; name = AudioToolbox.framework; path = System/Library/Frameworks/AudioToolbox.framework; sourceTree = SDKROOT; };
		DAE1123F2EE088A400C77A71 /* Security.framework */ = {isa = PBXFileReference; lastKnownFileType = wrapper.framework; name = Security.framework; path = System/Library/Frameworks/Security.framework; sourceTree = SDKROOT; };
		DAE112412EE088AD00C77A71 /* SystemConfiguration.framework */ = {isa = PBXFileReference; lastKnownFileType = wrapper.framework; name = SystemConfiguration.framework; path = System/Library/Frameworks/SystemConfiguration.framework; sourceTree = SDKROOT; };
/* End PBXFileReference section */

/* Begin PBXFileSystemSynchronizedGroupBuildPhaseMembershipExceptionSet section */
		DAB7442D2EE9E17600C38C4B /* Exceptions for "Dependencies" folder in "Embed Frameworks" phase from "EKKO" target */ = {
			isa = PBXFileSystemSynchronizedGroupBuildPhaseMembershipExceptionSet;
			attributesByRelativePath = {
				ACRCloudiOSSDK.xcframework = (CodeSignOnCopy, RemoveHeadersOnCopy, );
			};
			buildPhase = DA75BBC42EE0996800A762ED /* Embed Frameworks */;
			membershipExceptions = (
				ACRCloudiOSSDK.xcframework,
			);
		};
/* End PBXFileSystemSynchronizedGroupBuildPhaseMembershipExceptionSet section */

/* Begin PBXFileSystemSynchronizedRootGroup section */
		DAB7442B2EE9E10700C38C4B /* Resources */ = {
			isa = PBXFileSystemSynchronizedRootGroup;
			path = Resources;
			sourceTree = "<group>";
		};
		DAB7442C2EE9E16500C38C4B /* Dependencies */ = {
			isa = PBXFileSystemSynchronizedRootGroup;
			exceptions = (
				DAB7442D2EE9E17600C38C4B /* Exceptions for "Dependencies" folder in "Embed Frameworks" phase from "EKKO" target */,
			);
			path = Dependencies;
			sourceTree = "<group>";
		};
		DAE111F92EE083BA00C77A71 /* EKKO */ = {
			isa = PBXFileSystemSynchronizedRootGroup;
			path = EKKO;
			sourceTree = "<group>";
		};
/* End PBXFileSystemSynchronizedRootGroup section */

/* Begin PBXFrameworksBuildPhase section */
		DAE111F42EE083BA00C77A71 /* Frameworks */ = {
			isa = PBXFrameworksBuildPhase;
			buildActionMask = 2147483647;
			files = (
				DAE1123C2EE0889300C77A71 /* AVFoundation.framework in Frameworks */,
				DAE112422EE088AD00C77A71 /* SystemConfiguration.framework in Frameworks */,
				DAE112402EE088A400C77A71 /* Security.framework in Frameworks */,
				DAE1123E2EE0889D00C77A71 /* AudioToolbox.framework in Frameworks */,
				DA75BBE92EE09F2700A762ED /* ZIPFoundation in Frameworks */,
			);
			runOnlyForDeploymentPostprocessing = 0;
		};
		DAE112042EE083BB00C77A71 /* Frameworks */ = {
			isa = PBXFrameworksBuildPhase;
			buildActionMask = 2147483647;
			files = (
			);
			runOnlyForDeploymentPostprocessing = 0;
		};
		DAE1120E2EE083BB00C77A71 /* Frameworks */ = {
			isa = PBXFrameworksBuildPhase;
			buildActionMask = 2147483647;
			files = (
			);
			runOnlyForDeploymentPostprocessing = 0;
		};
/* End PBXFrameworksBuildPhase section */

/* Begin PBXGroup section */
		DAB744082EE9D5CB00C38C4B /* App */ = {
			isa = PBXGroup;
			children = (
				DAB743F42EE84BBB00C38C4B /* EKKOApp.swift */,
				DAB744052EE861D900C38C4B /* AppConfig.swift */,
				DAB743F72EE84BBB00C38C4B /* Secrets.xcconfig */,
			);
			path = App;
			sourceTree = "<group>";
		};
		DAB744092EE9D5D600C38C4B /* Core */ = {
			isa = PBXGroup;
			children = (
				DAB7440E2EE9D60800C38C4B /* Errors */,
				DAB7440F2EE9D61000C38C4B /* Utils */,
			);
			path = Core;
			sourceTree = "<group>";
		};
		DAB7440A2EE9D5DC00C38C4B /* Models */ = {
			isa = PBXGroup;
			children = (
				DAB744162EE9DA7F00C38C4B /* PartyModels.swift */,
			);
			path = Models;
			sourceTree = "<group>";
		};
		DAB7440B2EE9D5E400C38C4B /* Services */ = {
			isa = PBXGroup;
			children = (
				DAB744172EE9DAC100C38C4B /* HistoryManager.swift */,
				DAB744152EE9D9B100C38C4B /* StorageManager.swift */,
				DAB744142EE9D89D00C38C4B /* AnalysisManager.swift */,
				DAB744132EE9D82C00C38C4B /* MotionManager.swift */,
				DAB744122EE9D78600C38C4B /* AudioRecorderManager.swift */,
			);
			path = Services;
			sourceTree = "<group>";
		};
		DAB7440C2EE9D5EC00C38C4B /* ViewModels */ = {
			isa = PBXGroup;
			children = (
				DAB7441D2EE9DD3E00C38C4B /* SessionsViewModel.swift */,
			);
			path = ViewModels;
			sourceTree = "<group>";
		};
		DAB7440D2EE9D5F600C38C4B /* Views */ = {
			isa = PBXGroup;
			children = (
				DAB743F22EE84BBB00C38C4B /* ContentView.swift */,
				DAB744102EE9D62100C38C4B /* Screens */,
				DAB744112EE9D62800C38C4B /* Components */,
			);
			path = Views;
			sourceTree = "<group>";
		};
		DAB7440E2EE9D60800C38C4B /* Errors */ = {
			isa = PBXGroup;
			children = (
				DAB743F52EE84BBB00C38C4B /* ErrorManager.swift */,
			);
			path = Errors;
			sourceTree = "<group>";
		};
		DAB7440F2EE9D61000C38C4B /* Utils */ = {
			isa = PBXGroup;
			children = (
				DAB743F82EE84BBB00C38C4B /* StreamReader.swift */,
			);
			path = Utils;
			sourceTree = "<group>";
		};
		DAB744102EE9D62100C38C4B /* Screens */ = {
			isa = PBXGroup;
			children = (
				DAB744182EE9DB5500C38C4B /* IdleView.swift */,
				DAB744192EE9DB5E00C38C4B /* RecordingView.swift */,
				DAB7441A2EE9DB6900C38C4B /* AnalyzingView.swift */,
				DAB7441B2EE9DB7100C38C4B /* FastReportView.swift */,
				DAB7441C2EE9DB7B00C38C4B /* HistoryDetailView.swift */,
			);
			path = Screens;
			sourceTree = "<group>";
		};
		DAB744112EE9D62800C38C4B /* Components */ = {
			isa = PBXGroup;
			children = (
			);
			path = Components;
			sourceTree = "<group>";
		};
		DAE111EE2EE083BA00C77A71 = {
			isa = PBXGroup;
			children = (
				DAB743F32EE84BBB00C38C4B /* EKKO-Bridging-Header.h */,
				DAB743F62EE84BBB00C38C4B /* Info.plist */,
				DAB7442C2EE9E16500C38C4B /* Dependencies */,
				DAB7442B2EE9E10700C38C4B /* Resources */,
				DAB744082EE9D5CB00C38C4B /* App */,
				DAB744092EE9D5D600C38C4B /* Core */,
				DAB7440A2EE9D5DC00C38C4B /* Models */,
				DAB7440B2EE9D5E400C38C4B /* Services */,
				DAB7440C2EE9D5EC00C38C4B /* ViewModels */,
				DAB7440D2EE9D5F600C38C4B /* Views */,
				DAE111F92EE083BA00C77A71 /* EKKO */,
				DAE112272EE0872F00C77A71 /* Frameworks */,
				DAE111F82EE083BA00C77A71 /* Products */,
			);
			sourceTree = "<group>";
		};
		DAE111F82EE083BA00C77A71 /* Products */ = {
			isa = PBXGroup;
			children = (
				DAE111F72EE083BA00C77A71 /* EKKO.app */,
				DAE112072EE083BB00C77A71 /* EKKOTests.xctest */,
				DAE112112EE083BB00C77A71 /* EKKOUITests.xctest */,
			);
			name = Products;
			sourceTree = "<group>";
		};
		DAE112272EE0872F00C77A71 /* Frameworks */ = {
			isa = PBXGroup;
			children = (
				DAE112412EE088AD00C77A71 /* SystemConfiguration.framework */,
				DAE1123F2EE088A400C77A71 /* Security.framework */,
				DAE1123D2EE0889D00C77A71 /* AudioToolbox.framework */,
				DAE1123B2EE0889300C77A71 /* AVFoundation.framework */,
			);
			name = Frameworks;
			sourceTree = "<group>";
		};
/* End PBXGroup section */

/* Begin PBXNativeTarget section */
		DAE111F62EE083BA00C77A71 /* EKKO */ = {
			isa = PBXNativeTarget;
			buildConfigurationList = DAE1121B2EE083BB00C77A71 /* Build configuration list for PBXNativeTarget "EKKO" */;
			buildPhases = (
				DAE111F32EE083BA00C77A71 /* Sources */,
				DAE111F42EE083BA00C77A71 /* Frameworks */,
				DAE111F52EE083BA00C77A71 /* Resources */,
				DA75BBC42EE0996800A762ED /* Embed Frameworks */,
			);
			buildRules = (
			);
			dependencies = (
			);
			fileSystemSynchronizedGroups = (
				DAB7442B2EE9E10700C38C4B /* Resources */,
				DAB7442C2EE9E16500C38C4B /* Dependencies */,
				DAE111F92EE083BA00C77A71 /* EKKO */,
			);
			name = EKKO;
			packageProductDependencies = (
				DA75BBE82EE09F2700A762ED /* ZIPFoundation */,
			);
			productName = EKKO;
			productReference = DAE111F72EE083BA00C77A71 /* EKKO.app */;
			productType = "com.apple.product-type.application";
		};
		DAE112062EE083BB00C77A71 /* EKKOTests */ = {
			isa = PBXNativeTarget;
			buildConfigurationList = DAE1121E2EE083BB00C77A71 /* Build configuration list for PBXNativeTarget "EKKOTests" */;
			buildPhases = (
				DAE112032EE083BB00C77A71 /* Sources */,
				DAE112042EE083BB00C77A71 /* Frameworks */,
				DAE112052EE083BB00C77A71 /* Resources */,
			);
			buildRules = (
			);
			dependencies = (
				DAE112092EE083BB00C77A71 /* PBXTargetDependency */,
			);
			name = EKKOTests;
			packageProductDependencies = (
			);
			productName = EKKOTests;
			productReference = DAE112072EE083BB00C77A71 /* EKKOTests.xctest */;
			productType = "com.apple.product-type.bundle.unit-test";
		};
		DAE112102EE083BB00C77A71 /* EKKOUITests */ = {
			isa = PBXNativeTarget;
			buildConfigurationList = DAE112212EE083BB00C77A71 /* Build configuration list for PBXNativeTarget "EKKOUITests" */;
			buildPhases = (
				DAE1120D2EE083BB00C77A71 /* Sources */,
				DAE1120E2EE083BB00C77A71 /* Frameworks */,
				DAE1120F2EE083BB00C77A71 /* Resources */,
			);
			buildRules = (
			);
			dependencies = (
				DAE112132EE083BB00C77A71 /* PBXTargetDependency */,
			);
			name = EKKOUITests;
			packageProductDependencies = (
			);
			productName = EKKOUITests;
			productReference = DAE112112EE083BB00C77A71 /* EKKOUITests.xctest */;
			productType = "com.apple.product-type.bundle.ui-testing";
		};
/* End PBXNativeTarget section */

/* Begin PBXProject section */
		DAE111EF2EE083BA00C77A71 /* Project object */ = {
			isa = PBXProject;
			attributes = {
				BuildIndependentTargetsInParallel = 1;
				LastSwiftUpdateCheck = 1620;
				LastUpgradeCheck = 1620;
				TargetAttributes = {
					DAE111F62EE083BA00C77A71 = {
						CreatedOnToolsVersion = 16.2;
						LastSwiftMigration = 1620;
					};
					DAE112062EE083BB00C77A71 = {
						CreatedOnToolsVersion = 16.2;
						TestTargetID = DAE111F62EE083BA00C77A71;
					};
					DAE112102EE083BB00C77A71 = {
						CreatedOnToolsVersion = 16.2;
						LastSwiftMigration = 1620;
						TestTargetID = DAE111F62EE083BA00C77A71;
					};
				};
			};
			buildConfigurationList = DAE111F22EE083BA00C77A71 /* Build configuration list for PBXProject "EKKO" */;
			developmentRegion = en;
			hasScannedForEncodings = 0;
			knownRegions = (
				en,
				Base,
			);
			mainGroup = DAE111EE2EE083BA00C77A71;
			minimizedProjectReferenceProxies = 1;
			packageReferences = (
				DAE112262EE0854200C77A71 /* XCRemoteSwiftPackageReference "ZIPFoundation" */,
			);
			preferredProjectObjectVersion = 77;
			productRefGroup = DAE111F82EE083BA00C77A71 /* Products */;
			projectDirPath = "";
			projectRoot = "";
			targets = (
				DAE111F62EE083BA00C77A71 /* EKKO */,
				DAE112062EE083BB00C77A71 /* EKKOTests */,
				DAE112102EE083BB00C77A71 /* EKKOUITests */,
			);
		};
/* End PBXProject section */

/* Begin PBXResourcesBuildPhase section */
		DAE111F52EE083BA00C77A71 /* Resources */ = {
			isa = PBXResourcesBuildPhase;
			buildActionMask = 2147483647;
			files = (
				DAB744002EE84BBB00C38C4B /* Secrets.xcconfig in Resources */,
			);
			runOnlyForDeploymentPostprocessing = 0;
		};
		DAE112052EE083BB00C77A71 /* Resources */ = {
			isa = PBXResourcesBuildPhase;
			buildActionMask = 2147483647;
			files = (
			);
			runOnlyForDeploymentPostprocessing = 0;
		};
		DAE1120F2EE083BB00C77A71 /* Resources */ = {
			isa = PBXResourcesBuildPhase;
			buildActionMask = 2147483647;
			files = (
			);
			runOnlyForDeploymentPostprocessing = 0;
		};
/* End PBXResourcesBuildPhase section */

/* Begin PBXSourcesBuildPhase section */
		DAE111F32EE083BA00C77A71 /* Sources */ = {
			isa = PBXSourcesBuildPhase;
			buildActionMask = 2147483647;
			files = (
				DAB743F92EE84BBB00C38C4B /* ContentView.swift in Sources */,
				DAB744222EE9E00600C38C4B /* MotionManager.swift in Sources */,
				DAB744062EE861D900C38C4B /* AppConfig.swift in Sources */,
				DAB744232EE9E00A00C38C4B /* AudioRecorderManager.swift in Sources */,
				DAB744262EE9E01B00C38C4B /* FastReportView.swift in Sources */,
				DAB744272EE9E01B00C38C4B /* RecordingView.swift in Sources */,
				DAB744282EE9E01B00C38C4B /* AnalyzingView.swift in Sources */,
				DAB744292EE9E01B00C38C4B /* HistoryDetailView.swift in Sources */,
				DAB7441E2EE9DFEA00C38C4B /* PartyModels.swift in Sources */,
				DAB744242EE9E00E00C38C4B /* SessionsViewModel.swift in Sources */,
				DAB743FA2EE84BBB00C38C4B /* EKKOApp.swift in Sources */,
				DAB7441F2EE9DFF000C38C4B /* HistoryManager.swift in Sources */,
				DAB744212EE9E00100C38C4B /* AnalysisManager.swift in Sources */,
				DAB744252EE9E01500C38C4B /* IdleView.swift in Sources */,
				DAB743FB2EE84BBB00C38C4B /* ErrorManager.swift in Sources */,
				DAB743FC2EE84BBB00C38C4B /* StreamReader.swift in Sources */,
				DAB744202EE9DFFA00C38C4B /* StorageManager.swift in Sources */,
			);
			runOnlyForDeploymentPostprocessing = 0;
		};
		DAE112032EE083BB00C77A71 /* Sources */ = {
			isa = PBXSourcesBuildPhase;
			buildActionMask = 2147483647;
			files = (
			);
			runOnlyForDeploymentPostprocessing = 0;
		};
		DAE1120D2EE083BB00C77A71 /* Sources */ = {
			isa = PBXSourcesBuildPhase;
			buildActionMask = 2147483647;
			files = (
			);
			runOnlyForDeploymentPostprocessing = 0;
		};
/* End PBXSourcesBuildPhase section */

/* Begin PBXTargetDependency section */
		DAE112092EE083BB00C77A71 /* PBXTargetDependency */ = {
			isa = PBXTargetDependency;
			target = DAE111F62EE083BA00C77A71 /* EKKO */;
			targetProxy = DAE112082EE083BB00C77A71 /* PBXContainerItemProxy */;
		};
		DAE112132EE083BB00C77A71 /* PBXTargetDependency */ = {
			isa = PBXTargetDependency;
			target = DAE111F62EE083BA00C77A71 /* EKKO */;
			targetProxy = DAE112122EE083BB00C77A71 /* PBXContainerItemProxy */;
		};
/* End PBXTargetDependency section */

/* Begin XCBuildConfiguration section */
		DAE112192EE083BB00C77A71 /* Debug */ = {
			isa = XCBuildConfiguration;
			baseConfigurationReference = DAB743F72EE84BBB00C38C4B /* Secrets.xcconfig */;
			buildSettings = {
				ALWAYS_SEARCH_USER_PATHS = NO;
				ASSETCATALOG_COMPILER_GENERATE_SWIFT_ASSET_SYMBOL_EXTENSIONS = YES;
				CLANG_ANALYZER_NONNULL = YES;
				CLANG_ANALYZER_NUMBER_OBJECT_CONVERSION = YES_AGGRESSIVE;
				CLANG_CXX_LANGUAGE_STANDARD = "gnu++20";
				CLANG_ENABLE_MODULES = YES;
				CLANG_ENABLE_OBJC_ARC = YES;
				CLANG_ENABLE_OBJC_WEAK = YES;
				CLANG_WARN_BLOCK_CAPTURE_AUTORELEASING = YES;
				CLANG_WARN_BOOL_CONVERSION = YES;
				CLANG_WARN_COMMA = YES;
				CLANG_WARN_CONSTANT_CONVERSION = YES;
				CLANG_WARN_DEPRECATED_OBJC_IMPLEMENTATIONS = YES;
				CLANG_WARN_DIRECT_OBJC_ISA_USAGE = YES_ERROR;
				CLANG_WARN_DOCUMENTATION_COMMENTS = YES;
				CLANG_WARN_EMPTY_BODY = YES;
				CLANG_WARN_ENUM_CONVERSION = YES;
				CLANG_WARN_INFINITE_RECURSION = YES;
				CLANG_WARN_INT_CONVERSION = YES;
				CLANG_WARN_NON_LITERAL_NULL_CONVERSION = YES;
				CLANG_WARN_OBJC_IMPLICIT_RETAIN_SELF = YES;
				CLANG_WARN_OBJC_LITERAL_CONVERSION = YES;
				CLANG_WARN_OBJC_ROOT_CLASS = YES_ERROR;
				CLANG_WARN_QUOTED_INCLUDE_IN_FRAMEWORK_HEADER = YES;
				CLANG_WARN_RANGE_LOOP_ANALYSIS = YES;
				CLANG_WARN_STRICT_PROTOTYPES = YES;
				CLANG_WARN_SUSPICIOUS_MOVE = YES;
				CLANG_WARN_UNGUARDED_AVAILABILITY = YES_AGGRESSIVE;
				CLANG_WARN_UNREACHABLE_CODE = YES;
				CLANG_WARN__DUPLICATE_METHOD_MATCH = YES;
				COPY_PHASE_STRIP = NO;
				DEBUG_INFORMATION_FORMAT = dwarf;
				ENABLE_STRICT_OBJC_MSGSEND = YES;
				ENABLE_TESTABILITY = YES;
				ENABLE_USER_SCRIPT_SANDBOXING = YES;
				GCC_C_LANGUAGE_STANDARD = gnu17;
				GCC_DYNAMIC_NO_PIC = NO;
				GCC_NO_COMMON_BLOCKS = YES;
				GCC_OPTIMIZATION_LEVEL = 0;
				GCC_PREPROCESSOR_DEFINITIONS = (
					"DEBUG=1",
					"$(inherited)",
				);
				GCC_WARN_64_TO_32_BIT_CONVERSION = YES;
				GCC_WARN_ABOUT_RETURN_TYPE = YES_ERROR;
				GCC_WARN_UNDECLARED_SELECTOR = YES;
				GCC_WARN_UNINITIALIZED_AUTOS = YES_AGGRESSIVE;
				GCC_WARN_UNUSED_FUNCTION = YES;
				GCC_WARN_UNUSED_VARIABLE = YES;
				IPHONEOS_DEPLOYMENT_TARGET = 18.2;
				LOCALIZATION_PREFERS_STRING_CATALOGS = YES;
				MTL_ENABLE_DEBUG_INFO = INCLUDE_SOURCE;
				MTL_FAST_MATH = YES;
				ONLY_ACTIVE_ARCH = YES;
				SDKROOT = iphoneos;
				SWIFT_ACTIVE_COMPILATION_CONDITIONS = "DEBUG $(inherited)";
				SWIFT_OBJC_BRIDGING_HEADER = "/Users/Paul/Documents/EKKO/EKKO-Bridging-Header.h";
				SWIFT_OPTIMIZATION_LEVEL = "-Onone";
			};
			name = Debug;
		};
		DAE1121A2EE083BB00C77A71 /* Release */ = {
			isa = XCBuildConfiguration;
			baseConfigurationReference = DAB743F72EE84BBB00C38C4B /* Secrets.xcconfig */;
			buildSettings = {
				ALWAYS_SEARCH_USER_PATHS = NO;
				ASSETCATALOG_COMPILER_GENERATE_SWIFT_ASSET_SYMBOL_EXTENSIONS = YES;
				CLANG_ANALYZER_NONNULL = YES;
				CLANG_ANALYZER_NUMBER_OBJECT_CONVERSION = YES_AGGRESSIVE;
				CLANG_CXX_LANGUAGE_STANDARD = "gnu++20";
				CLANG_ENABLE_MODULES = YES;
				CLANG_ENABLE_OBJC_ARC = YES;
				CLANG_ENABLE_OBJC_WEAK = YES;
				CLANG_WARN_BLOCK_CAPTURE_AUTORELEASING = YES;
				CLANG_WARN_BOOL_CONVERSION = YES;
				CLANG_WARN_COMMA = YES;
				CLANG_WARN_CONSTANT_CONVERSION = YES;
				CLANG_WARN_DEPRECATED_OBJC_IMPLEMENTATIONS = YES;
				CLANG_WARN_DIRECT_OBJC_ISA_USAGE = YES_ERROR;
				CLANG_WARN_DOCUMENTATION_COMMENTS = YES;
				CLANG_WARN_EMPTY_BODY = YES;
				CLANG_WARN_ENUM_CONVERSION = YES;
				CLANG_WARN_INFINITE_RECURSION = YES;
				CLANG_WARN_INT_CONVERSION = YES;
				CLANG_WARN_NON_LITERAL_NULL_CONVERSION = YES;
				CLANG_WARN_OBJC_IMPLICIT_RETAIN_SELF = YES;
				CLANG_WARN_OBJC_LITERAL_CONVERSION = YES;
				CLANG_WARN_OBJC_ROOT_CLASS = YES_ERROR;
				CLANG_WARN_QUOTED_INCLUDE_IN_FRAMEWORK_HEADER = YES;
				CLANG_WARN_RANGE_LOOP_ANALYSIS = YES;
				CLANG_WARN_STRICT_PROTOTYPES = YES;
				CLANG_WARN_SUSPICIOUS_MOVE = YES;
				CLANG_WARN_UNGUARDED_AVAILABILITY = YES_AGGRESSIVE;
				CLANG_WARN_UNREACHABLE_CODE = YES;
				CLANG_WARN__DUPLICATE_METHOD_MATCH = YES;
				COPY_PHASE_STRIP = NO;
				DEBUG_INFORMATION_FORMAT = "dwarf-with-dsym";
				ENABLE_NS_ASSERTIONS = NO;
				ENABLE_STRICT_OBJC_MSGSEND = YES;
				ENABLE_USER_SCRIPT_SANDBOXING = YES;
				GCC_C_LANGUAGE_STANDARD = gnu17;
				GCC_NO_COMMON_BLOCKS = YES;
				GCC_WARN_64_TO_32_BIT_CONVERSION = YES;
				GCC_WARN_ABOUT_RETURN_TYPE = YES_ERROR;
				GCC_WARN_UNDECLARED_SELECTOR = YES;
				GCC_WARN_UNINITIALIZED_AUTOS = YES_AGGRESSIVE;
				GCC_WARN_UNUSED_FUNCTION = YES;
				GCC_WARN_UNUSED_VARIABLE = YES;
				IPHONEOS_DEPLOYMENT_TARGET = 18.2;
				LOCALIZATION_PREFERS_STRING_CATALOGS = YES;
				MTL_ENABLE_DEBUG_INFO = NO;
				MTL_FAST_MATH = YES;
				SDKROOT = iphoneos;
				SWIFT_COMPILATION_MODE = wholemodule;
				SWIFT_OBJC_BRIDGING_HEADER = "/Users/Paul/Documents/EKKO/EKKO-Bridging-Header.h";
				VALIDATE_PRODUCT = YES;
			};
			name = Release;
		};
		DAE1121C2EE083BB00C77A71 /* Debug */ = {
			isa = XCBuildConfiguration;
			buildSettings = {
				ASSETCATALOG_COMPILER_APPICON_NAME = AppIcon;
				ASSETCATALOG_COMPILER_GLOBAL_ACCENT_COLOR_NAME = AccentColor;
				CLANG_ENABLE_MODULES = YES;
				CODE_SIGN_STYLE = Automatic;
				CURRENT_PROJECT_VERSION = 1;
				DEVELOPMENT_ASSET_PATHS = "\"EKKO/Preview Content\"";
				DEVELOPMENT_TEAM = 62J69A2FA3;
				ENABLE_PREVIEWS = YES;
				FRAMEWORK_SEARCH_PATHS = "$(SRCROOT)/Frameworks/**";
				GENERATE_INFOPLIST_FILE = YES;
				HEADER_SEARCH_PATHS = "$(SRCROOT)/Frameworks/**";
				INFOPLIST_FILE = /Users/Paul/Documents/EKKO/Info.plist;
				INFOPLIST_KEY_LSSupportsOpeningDocumentsInPlace = YES;
				INFOPLIST_KEY_NSMicrophoneUsageDescription = "Pour enregistrer l'audio de la soirée.";
				INFOPLIST_KEY_NSMotionUsageDescription = "Pour analyser vos mouvements.";
				INFOPLIST_KEY_UIApplicationSceneManifest_Generation = YES;
				INFOPLIST_KEY_UIApplicationSupportsIndirectInputEvents = YES;
				INFOPLIST_KEY_UILaunchScreen_Generation = YES;
				INFOPLIST_KEY_UISupportedInterfaceOrientations_iPad = "UIInterfaceOrientationPortrait UIInterfaceOrientationPortraitUpsideDown UIInterfaceOrientationLandscapeLeft UIInterfaceOrientationLandscapeRight";
				INFOPLIST_KEY_UISupportedInterfaceOrientations_iPhone = "UIInterfaceOrientationPortrait UIInterfaceOrientationLandscapeLeft UIInterfaceOrientationLandscapeRight";
				LD_RUNPATH_SEARCH_PATHS = (
					"$(inherited)",
					"@executable_path/Frameworks",
				);
				MARKETING_VERSION = 4.0;
				PRODUCT_BUNDLE_IDENTIFIER = paulserra.EKKO;
				PRODUCT_NAME = "$(TARGET_NAME)";
				SWIFT_EMIT_LOC_STRINGS = YES;
				SWIFT_OBJC_BRIDGING_HEADER = "/Users/Paul/Documents/EKKO/EKKO-Bridging-Header.h";
				SWIFT_OPTIMIZATION_LEVEL = "-Onone";
				SWIFT_VERSION = 5.0;
				TARGETED_DEVICE_FAMILY = "1,2";
			};
			name = Debug;
		};
		DAE1121D2EE083BB00C77A71 /* Release */ = {
			isa = XCBuildConfiguration;
			buildSettings = {
				ASSETCATALOG_COMPILER_APPICON_NAME = AppIcon;
				ASSETCATALOG_COMPILER_GLOBAL_ACCENT_COLOR_NAME = AccentColor;
				CLANG_ENABLE_MODULES = YES;
				CODE_SIGN_STYLE = Automatic;
				CURRENT_PROJECT_VERSION = 1;
				DEVELOPMENT_ASSET_PATHS = "\"EKKO/Preview Content\"";
				DEVELOPMENT_TEAM = 62J69A2FA3;
				ENABLE_PREVIEWS = YES;
				FRAMEWORK_SEARCH_PATHS = "$(SRCROOT)/Frameworks/**";
				GENERATE_INFOPLIST_FILE = YES;
				HEADER_SEARCH_PATHS = "$(SRCROOT)/Frameworks/**";
				INFOPLIST_FILE = /Users/Paul/Documents/EKKO/Info.plist;
				INFOPLIST_KEY_LSSupportsOpeningDocumentsInPlace = YES;
				INFOPLIST_KEY_NSMicrophoneUsageDescription = "Pour enregistrer l'audio de la soirée.";
				INFOPLIST_KEY_NSMotionUsageDescription = "Pour analyser vos mouvements.";
				INFOPLIST_KEY_UIApplicationSceneManifest_Generation = YES;
				INFOPLIST_KEY_UIApplicationSupportsIndirectInputEvents = YES;
				INFOPLIST_KEY_UILaunchScreen_Generation = YES;
				INFOPLIST_KEY_UISupportedInterfaceOrientations_iPad = "UIInterfaceOrientationPortrait UIInterfaceOrientationPortraitUpsideDown UIInterfaceOrientationLandscapeLeft UIInterfaceOrientationLandscapeRight";
				INFOPLIST_KEY_UISupportedInterfaceOrientations_iPhone = "UIInterfaceOrientationPortrait UIInterfaceOrientationLandscapeLeft UIInterfaceOrientationLandscapeRight";
				LD_RUNPATH_SEARCH_PATHS = (
					"$(inherited)",
					"@executable_path/Frameworks",
				);
				MARKETING_VERSION = 4.0;
				PRODUCT_BUNDLE_IDENTIFIER = paulserra.EKKO;
				PRODUCT_NAME = "$(TARGET_NAME)";
				SWIFT_EMIT_LOC_STRINGS = YES;
				SWIFT_OBJC_BRIDGING_HEADER = "/Users/Paul/Documents/EKKO/EKKO-Bridging-Header.h";
				SWIFT_VERSION = 5.0;
				TARGETED_DEVICE_FAMILY = "1,2";
			};
			name = Release;
		};
		DAE1121F2EE083BB00C77A71 /* Debug */ = {
			isa = XCBuildConfiguration;
			buildSettings = {
				BUNDLE_LOADER = "$(TEST_HOST)";
				CODE_SIGN_STYLE = Automatic;
				CURRENT_PROJECT_VERSION = 1;
				DEVELOPMENT_TEAM = 62J69A2FA3;
				GENERATE_INFOPLIST_FILE = YES;
				IPHONEOS_DEPLOYMENT_TARGET = 18.2;
				MARKETING_VERSION = 1.0;
				PRODUCT_BUNDLE_IDENTIFIER = paulserra.EKKOTests;
				PRODUCT_NAME = "$(TARGET_NAME)";
				SWIFT_EMIT_LOC_STRINGS = NO;
				SWIFT_VERSION = 5.0;
				TARGETED_DEVICE_FAMILY = "1,2";
				TEST_HOST = "$(BUILT_PRODUCTS_DIR)/EKKO.app/$(BUNDLE_EXECUTABLE_FOLDER_PATH)/EKKO";
			};
			name = Debug;
		};
		DAE112202EE083BB00C77A71 /* Release */ = {
			isa = XCBuildConfiguration;
			buildSettings = {
				BUNDLE_LOADER = "$(TEST_HOST)";
				CODE_SIGN_STYLE = Automatic;
				CURRENT_PROJECT_VERSION = 1;
				DEVELOPMENT_TEAM = 62J69A2FA3;
				GENERATE_INFOPLIST_FILE = YES;
				IPHONEOS_DEPLOYMENT_TARGET = 18.2;
				MARKETING_VERSION = 1.0;
				PRODUCT_BUNDLE_IDENTIFIER = paulserra.EKKOTests;
				PRODUCT_NAME = "$(TARGET_NAME)";
				SWIFT_EMIT_LOC_STRINGS = NO;
				SWIFT_VERSION = 5.0;
				TARGETED_DEVICE_FAMILY = "1,2";
				TEST_HOST = "$(BUILT_PRODUCTS_DIR)/EKKO.app/$(BUNDLE_EXECUTABLE_FOLDER_PATH)/EKKO";
			};
			name = Release;
		};
		DAE112222EE083BB00C77A71 /* Debug */ = {
			isa = XCBuildConfiguration;
			buildSettings = {
				CLANG_ENABLE_MODULES = YES;
				CODE_SIGN_STYLE = Automatic;
				CURRENT_PROJECT_VERSION = 1;
				DEVELOPMENT_TEAM = 62J69A2FA3;
				GENERATE_INFOPLIST_FILE = YES;
				MARKETING_VERSION = 1.0;
				PRODUCT_BUNDLE_IDENTIFIER = paulserra.EKKOUITests;
				PRODUCT_NAME = "$(TARGET_NAME)";
				SWIFT_EMIT_LOC_STRINGS = NO;
				SWIFT_OBJC_BRIDGING_HEADER = "EKKOUITests/EKKOUITests-Bridging-Header.h";
				SWIFT_OPTIMIZATION_LEVEL = "-Onone";
				SWIFT_VERSION = 5.0;
				TARGETED_DEVICE_FAMILY = "1,2";
				TEST_TARGET_NAME = EKKO;
			};
			name = Debug;
		};
		DAE112232EE083BB00C77A71 /* Release */ = {
			isa = XCBuildConfiguration;
			buildSettings = {
				CLANG_ENABLE_MODULES = YES;
				CODE_SIGN_STYLE = Automatic;
				CURRENT_PROJECT_VERSION = 1;
				DEVELOPMENT_TEAM = 62J69A2FA3;
				GENERATE_INFOPLIST_FILE = YES;
				MARKETING_VERSION = 1.0;
				PRODUCT_BUNDLE_IDENTIFIER = paulserra.EKKOUITests;
				PRODUCT_NAME = "$(TARGET_NAME)";
				SWIFT_EMIT_LOC_STRINGS = NO;
				SWIFT_OBJC_BRIDGING_HEADER = "EKKOUITests/EKKOUITests-Bridging-Header.h";
				SWIFT_VERSION = 5.0;
				TARGETED_DEVICE_FAMILY = "1,2";
				TEST_TARGET_NAME = EKKO;
			};
			name = Release;
		};
/* End XCBuildConfiguration section */

/* Begin XCConfigurationList section */
		DAE111F22EE083BA00C77A71 /* Build configuration list for PBXProject "EKKO" */ = {
			isa = XCConfigurationList;
			buildConfigurations = (
				DAE112192EE083BB00C77A71 /* Debug */,
				DAE1121A2EE083BB00C77A71 /* Release */,
			);
			defaultConfigurationIsVisible = 0;
			defaultConfigurationName = Release;
		};
		DAE1121B2EE083BB00C77A71 /* Build configuration list for PBXNativeTarget "EKKO" */ = {
			isa = XCConfigurationList;
			buildConfigurations = (
				DAE1121C2EE083BB00C77A71 /* Debug */,
				DAE1121D2EE083BB00C77A71 /* Release */,
			);
			defaultConfigurationIsVisible = 0;
			defaultConfigurationName = Release;
		};
		DAE1121E2EE083BB00C77A71 /* Build configuration list for PBXNativeTarget "EKKOTests" */ = {
			isa = XCConfigurationList;
			buildConfigurations = (
				DAE1121F2EE083BB00C77A71 /* Debug */,
				DAE112202EE083BB00C77A71 /* Release */,
			);
			defaultConfigurationIsVisible = 0;
			defaultConfigurationName = Release;
		};
		DAE112212EE083BB00C77A71 /* Build configuration list for PBXNativeTarget "EKKOUITests" */ = {
			isa = XCConfigurationList;
			buildConfigurations = (
				DAE112222EE083BB00C77A71 /* Debug */,
				DAE112232EE083BB00C77A71 /* Release */,
			);
			defaultConfigurationIsVisible = 0;
			defaultConfigurationName = Release;
		};
/* End XCConfigurationList section */

/* Begin XCRemoteSwiftPackageReference section */
		DAE112262EE0854200C77A71 /* XCRemoteSwiftPackageReference "ZIPFoundation" */ = {
			isa = XCRemoteSwiftPackageReference;
			repositoryURL = "https://github.com/weichsel/ZIPFoundation";
			requirement = {
				kind = upToNextMajorVersion;
				minimumVersion = 0.9.20;
			};
		};
/* End XCRemoteSwiftPackageReference section */

/* Begin XCSwiftPackageProductDependency section */
		DA75BBE82EE09F2700A762ED /* ZIPFoundation */ = {
			isa = XCSwiftPackageProductDependency;
			package = DAE112262EE0854200C77A71 /* XCRemoteSwiftPackageReference "ZIPFoundation" */;
			productName = ZIPFoundation;
		};
/* End XCSwiftPackageProductDependency section */
	};
	rootObject = DAE111EF2EE083BA00C77A71 /* Project object */;
}
